// !$*UTF8*$!
{
	archiveVersion = 1;
	classes = {
	};
	objectVersion = 46;
	objects = {

/* Begin PBXBuildFile section */
		BD76C26C1F61A16A005BA3B3 /* main.cpp in Sources */ = {isa = PBXBuildFile; fileRef = BD76C26B1F61A16A005BA3B3 /* main.cpp */; };
/* End PBXBuildFile section */

/* Begin PBXCopyFilesBuildPhase section */
		BD76C2661F61A16A005BA3B3 /* CopyFiles */ = {
			isa = PBXCopyFilesBuildPhase;
			buildActionMask = 2147483647;
			dstPath = /usr/share/man/man1/;
			dstSubfolderSpec = 0;
			files = (
			);
			runOnlyForDeploymentPostprocessing = 1;
		};
/* End PBXCopyFilesBuildPhase section */

/* Begin PBXFileReference section */
		BD76C2681F61A16A005BA3B3 /* IntoSoft */ = {isa = PBXFileReference; explicitFileType = "compiled.mach-o.executable"; includeInIndex = 0; path = IntoSoft; sourceTree = BUILT_PRODUCTS_DIR; };
		BD76C26B1F61A16A005BA3B3 /* main.cpp */ = {isa = PBXFileReference; lastKnownFileType = sourcecode.cpp.cpp; path = main.cpp; sourceTree = "<group>"; };
		BD76C2721F61A1C2005BA3B3 /* std_lib_facilities.h */ = {isa = PBXFileReference; fileEncoding = 4; lastKnownFileType = sourcecode.c.h; path = std_lib_facilities.h; sourceTree = "<group>"; };
/* End PBXFileReference section */

/* Begin PBXFrameworksBuildPhase section */
		BD76C2651F61A16A005BA3B3 /* Frameworks */ = {
			isa = PBXFrameworksBuildPhase;
			buildActionMask = 2147483647;
			files = (
			);
			runOnlyForDeploymentPostprocessing = 0;
		};
/* End PBXFrameworksBuildPhase section */

/* Begin PBXGroup section */
		BD76C25F1F61A16A005BA3B3 = {
			isa = PBXGroup;
			children = (
				BD76C26A1F61A16A005BA3B3 /* IntoSoft */,
				BD76C2691F61A16A005BA3B3 /* Products */,
			);
			sourceTree = "<group>";
		};
		BD76C2691F61A16A005BA3B3 /* Products */ = {
			isa = PBXGroup;
			children = (
				BD76C2681F61A16A005BA3B3 /* IntoSoft */,
			);
			name = Products;
			sourceTree = "<group>";
		};
		BD76C26A1F61A16A005BA3B3 /* IntoSoft */ = {
			isa = PBXGroup;
			children = (
				BD76C2721F61A1C2005BA3B3 /* std_lib_facilities.h */,
				BD76C26B1F61A16A005BA3B3 /* main.cpp */,
			);
			path = IntoSoft;
			sourceTree = "<group>";
		};
/* End PBXGroup section */

/* Begin PBXNativeTarget section */
		BD76C2671F61A16A005BA3B3 /* IntoSoft */ = {
			isa = PBXNativeTarget;
			buildConfigurationList = BD76C26F1F61A16A005BA3B3 /* Build configuration list for PBXNativeTarget "IntoSoft" */;
			buildPhases = (
				BD76C2641F61A16A005BA3B3 /* Sources */,
				BD76C2651F61A16A005BA3B3 /* Frameworks */,
				BD76C2661F61A16A005BA3B3 /* CopyFiles */,
			);
			buildRules = (
			);
			dependencies = (
			);
			name = IntoSoft;
			productName = IntoSoft;
			productReference = BD76C2681F61A16A005BA3B3 /* IntoSoft */;
			productType = "com.apple.product-type.tool";
		};
/* End PBXNativeTarget section */

/* Begin PBXProject section */
		BD76C2601F61A16A005BA3B3 /* Project object */ = {
			isa = PBXProject;
			attributes = {
				LastUpgradeCheck = 0830;
				ORGANIZATIONNAME = RyanQu;
				TargetAttributes = {
					BD76C2671F61A16A005BA3B3 = {
						CreatedOnToolsVersion = 8.3.3;
						ProvisioningStyle = Automatic;
					};
				};
			};
			buildConfigurationList = BD76C2631F61A16A005BA3B3 /* Build configuration list for PBXProject "IntoSoft" */;
			compatibilityVersion = "Xcode 3.2";
			developmentRegion = English;
			hasScannedForEncodings = 0;
			knownRegions = (
				en,
			);
			mainGroup = BD76C25F1F61A16A005BA3B3;
			productRefGroup = BD76C2691F61A16A005BA3B3 /* Products */;
			projectDirPath = "";
			projectRoot = "";
			targets = (
				BD76C2671F61A16A005BA3B3 /* IntoSoft */,
			);
		};
/* End PBXProject section */

/* Begin PBXSourcesBuildPhase section */
		BD76C2641F61A16A005BA3B3 /* Sources */ = {
			isa = PBXSourcesBuildPhase;
			buildActionMask = 2147483647;
			files = (
				BD76C26C1F61A16A005BA3B3 /* main.cpp in Sources */,
			);
			runOnlyForDeploymentPostprocessing = 0;
		};
/* End PBXSourcesBuildPhase section */

/* Begin XCBuildConfiguration section */
		BD76C26D1F61A16A005BA3B3 /* Debug */ = {
			isa = XCBuildConfiguration;
			buildSettings = {
				ALWAYS_SEARCH_USER_PATHS = NO;
				CLANG_ANALYZER_NONNULL = YES;
				CLANG_ANALYZER_NUMBER_OBJECT_CONVERSION = YES_AGGRESSIVE;
				CLANG_CXX_LANGUAGE_STANDARD = "gnu++0x";
				CLANG_CXX_LIBRARY = "libc++";
				CLANG_ENABLE_MODULES = YES;
				CLANG_ENABLE_OBJC_ARC = YES;
				CLANG_WARN_BOOL_CONVERSION = YES;
				CLANG_WARN_CONSTANT_CONVERSION = YES;
				CLANG_WARN_DIRECT_OBJC_ISA_USAGE = YES_ERROR;
				CLANG_WARN_DOCUMENTATION_COMMENTS = YES;
				CLANG_WARN_EMPTY_BODY = YES;
				CLANG_WARN_ENUM_CONVERSION = YES;
				CLANG_WARN_INFINITE_RECURSION = YES;
				CLANG_WARN_INT_CONVERSION = YES;
				CLANG_WARN_OBJC_ROOT_CLASS = YES_ERROR;
				CLANG_WARN_SUSPICIOUS_MOVE = YES;
				CLANG_WARN_UNREACHABLE_CODE = YES;
				CLANG_WARN__DUPLICATE_METHOD_MATCH = YES;
				CODE_SIGN_IDENTITY = "-";
				COPY_PHASE_STRIP = NO;
				DEBUG_INFORMATION_FORMAT = dwarf;
				ENABLE_STRICT_OBJC_MSGSEND = YES;
				ENABLE_TESTABILITY = YES;
				GCC_C_LANGUAGE_STANDARD = gnu99;
				GCC_DYNAMIC_NO_PIC = NO;
				GCC_NO_COMMON_BLOCKS = YES;
				GCC_OPTIMIZATION_LEVEL = 0;
				GCC_PREPROCESSOR_DEFINITIONS = (
					"DEBUG=1",
					"$(inherited)",
				);
				GCC_WARN_64_TO_32_BIT_CONVERSION = YES;
				GCC_WARN_ABOUT_RETURN_TYPE = YES_ERROR;
				GCC_WARN_UNDECLARED_SELECTOR = YES;
				GCC_WARN_UNINITIALIZED_AUTOS = YES_AGGRESSIVE;
				GCC_WARN_UNUSED_FUNCTION = YES;
				GCC_WARN_UNUSED_VARIABLE = YES;
				MACOSX_DEPLOYMENT_TARGET = 10.12;
				MTL_ENABLE_DEBUG_INFO = YES;
				ONLY_ACTIVE_ARCH = YES;
				SDKROOT = macosx;
			};
			name = Debug;
		};
		BD76C26E1F61A16A005BA3B3 /* Release */ = {
			isa = XCBuildConfiguration;
			buildSettings = {
				ALWAYS_SEARCH_USER_PATHS = NO;
				CLANG_ANALYZER_NONNULL = YES;
				CLANG_ANALYZER_NUMBER_OBJECT_CONVERSION = YES_AGGRESSIVE;
				CLANG_CXX_LANGUAGE_STANDARD = "gnu++0x";
				CLANG_CXX_LIBRARY = "libc++";
				CLANG_ENABLE_MODULES = YES;
				CLANG_ENABLE_OBJC_ARC = YES;
				CLANG_WARN_BOOL_CONVERSION = YES;
				CLANG_WARN_CONSTANT_CONVERSION = YES;
				CLANG_WARN_DIRECT_OBJC_ISA_USAGE = YES_ERROR;
				CLANG_WARN_DOCUMENTATION_COMMENTS = YES;
				CLANG_WARN_EMPTY_BODY = YES;
				CLANG_WARN_ENUM_CONVERSION = YES;
				CLANG_WARN_INFINITE_RECURSION = YES;
				CLANG_WARN_INT_CONVERSION = YES;
				CLANG_WARN_OBJC_ROOT_CLASS = YES_ERROR;
				CLANG_WARN_SUSPICIOUS_MOVE = YES;
				CLANG_WARN_UNREACHABLE_CODE = YES;
				CLANG_WARN__DUPLICATE_METHOD_MATCH = YES;
				CODE_SIGN_IDENTITY = "-";
				COPY_PHASE_STRIP = NO;
				DEBUG_INFORMATION_FORMAT = "dwarf-with-dsym";
				ENABLE_NS_ASSERTIONS = NO;
				ENABLE_STRICT_OBJC_MSGSEND = YES;
				GCC_C_LANGUAGE_STANDARD = gnu99;
				GCC_NO_COMMON_BLOCKS = YES;
				GCC_WARN_64_TO_32_BIT_CONVERSION = YES;
				GCC_WARN_ABOUT_RETURN_TYPE = YES_ERROR;
				GCC_WARN_UNDECLARED_SELECTOR = YES;
				GCC_WARN_UNINITIALIZED_AUTOS = YES_AGGRESSIVE;
				GCC_WARN_UNUSED_FUNCTION = YES;
				GCC_WARN_UNUSED_VARIABLE = YES;
				MACOSX_DEPLOYMENT_TARGET = 10.12;
				MTL_ENABLE_DEBUG_INFO = NO;
				SDKROOT = macosx;
			};
			name = Release;
		};
		BD76C2701F61A16A005BA3B3 /* Debug */ = {
			isa = XCBuildConfiguration;
			buildSettings = {
				ALWAYS_SEARCH_USER_PATHS = YES;
				HEADER_SEARCH_PATHS = "-I/usr/local/include";
				"HEADER_SEARCH_PATHS[arch=*]" = "-I/usr/local/include";
				LIBRARY_SEARCH_PATHS = /usr/local/lib;
				OTHER_LDFLAGS = (
					"-L/usr/local/Cellar/fltk/1.3.4_1/lib",
					"-lfltk",
					"-lpthread",
					"-framework",
					Cocoa,
				);
				"OTHER_LDFLAGS[arch=*]" = (
					"-L/usr/local/Cellar/fltk/1.3.4_1/lib",
					"-lfltk",
					"-lpthread",
					"-framework",
					Cocoa,
				);
				PRODUCT_NAME = "$(TARGET_NAME)";
				USER_HEADER_SEARCH_PATHS = /usr/local/Cellar/fltk/1.3.4_1/include;
				"USER_HEADER_SEARCH_PATHS[arch=*]" = /usr/local/Cellar/fltk/1.3.4_1/include;
			};
			name = Debug;
		};
		BD76C2711F61A16A005BA3B3 /* Release */ = {
			isa = XCBuildConfiguration;
			buildSettings = {
				ALWAYS_SEARCH_USER_PATHS = YES;
				HEADER_SEARCH_PATHS = "-I/usr/local/include";
				"HEADER_SEARCH_PATHS[arch=*]" = "-I/usr/local/include";
				LIBRARY_SEARCH_PATHS = /usr/local/lib;
				OTHER_LDFLAGS = (
					"-L/usr/local/Cellar/fltk/1.3.4_1/lib",
					"-lfltk",
					"-lpthread",
					"-framework",
					Cocoa,
				);
				"OTHER_LDFLAGS[arch=*]" = (
					"-L/usr/local/Cellar/fltk/1.3.4_1/lib",
					"-lfltk",
					"-lpthread",
					"-framework",
					Cocoa,
				);
				PRODUCT_NAME = "$(TARGET_NAME)";
				USER_HEADER_SEARCH_PATHS = /usr/local/Cellar/fltk/1.3.4_1/include;
				"USER_HEADER_SEARCH_PATHS[arch=*]" = /usr/local/Cellar/fltk/1.3.4_1/include;
			};
			name = Release;
		};
/* End XCBuildConfiguration section */

/* Begin XCConfigurationList section */
		BD76C2631F61A16A005BA3B3 /* Build configuration list for PBXProject "IntoSoft" */ = {
			isa = XCConfigurationList;
			buildConfigurations = (
				BD76C26D1F61A16A005BA3B3 /* Debug */,
				BD76C26E1F61A16A005BA3B3 /* Release */,
			);
			defaultConfigurationIsVisible = 0;
			defaultConfigurationName = Release;
		};
		BD76C26F1F61A16A005BA3B3 /* Build configuration list for PBXNativeTarget "IntoSoft" */ = {
			isa = XCConfigurationList;
			buildConfigurations = (
				BD76C2701F61A16A005BA3B3 /* Debug */,
				BD76C2711F61A16A005BA3B3 /* Release */,
			);
			defaultConfigurationIsVisible = 0;
			defaultConfigurationName = Release;
		};
/* End XCConfigurationList section */
	};
	rootObject = BD76C2601F61A16A005BA3B3 /* Project object */;
}
